
Microsoft Visual Studio Solution File, Format Version 12.00
# Visual Studio Version 16
VisualStudioVersion = 16.0.31605.320
MinimumVisualStudioVersion = 10.0.40219.1
Project("{9A19103F-16F7-4668-BE54-9A1E7A4F7556}") = "CharacterRerollPlugin", "CharacterRerollPlugin.csproj", "{79714A4A-D64A-4A57-9325-EFF76F5104C7}"
EndProject
Global
	GlobalSection(SolutionConfigurationPlatforms) = preSolution
		Debug|Any CPU = Debug|Any CPU
		Release|Any CPU = Release|Any CPU
	EndGlobalSection
	GlobalSection(ProjectConfigurationPlatforms) = postSolution
		{79714A4A-D64A-4A57-9325-EFF76F5104C7}.Debug|Any CPU.ActiveCfg = Debug|Any CPU
		{79714A4A-D64A-4A57-9325-EFF76F5104C7}.Debug|Any CPU.Build.0 = Debug|Any CPU
		{79714A4A-D64A-4A57-9325-EFF76F5104C7}.Release|Any CPU.ActiveCfg = Release|Any CPU
		{79714A4A-D64A-4A57-9325-EFF76F5104C7}.Release|Any CPU.Build.0 = Release|Any CPU
	EndGlobalSection
	GlobalSection(SolutionProperties) = preSolution
		HideSolutionNode = FALSE
	EndGlobalSection
	GlobalSection(ExtensibilityGlobals) = postSolution
		SolutionGuid = {A0364BA3-E459-4D2E-947A-5D3AC60ED08E}
	EndGlobalSection
EndGlobal
